
Microsoft Visual Studio Solution File, Format Version 12.00
# Visual Studio Version 16
VisualStudioVersion = 16.0.30804.86
MinimumVisualStudioVersion = 10.0.40219.1
Project("{8BC9CEB8-8B4A-11D0-8D11-00A0C91BC942}") = "Test", "Test.vcxproj", "{BB5C4208-D7B3-480B-B57C-424741BEF018}"
EndProject
Global
	GlobalSection(SolutionConfigurationPlatforms) = preSolution
		Debug|x64 = Debug|x64
		Debug|x86 = Debug|x86
		Release|x64 = Release|x64
		Release|x86 = Release|x86
	EndGlobalSection
	GlobalSection(ProjectConfigurationPlatforms) = postSolution
		{BB5C4208-D7B3-480B-B57C-424741BEF018}.Debug|x64.ActiveCfg = Debug|x64
		{BB5C4208-D7B3-480B-B57C-424741BEF018}.Debug|x64.Build.0 = Debug|x64
		{BB5C4208-D7B3-480B-B57C-424741BEF018}.Debug|x86.ActiveCfg = Debug|Win32
		{BB5C4208-D7B3-480B-B57C-424741BEF018}.Debug|x86.Build.0 = Debug|Win32
		{BB5C4208-D7B3-480B-B57C-424741BEF018}.Release|x64.ActiveCfg = Release|x64
		{BB5C4208-D7B3-480B-B57C-424741BEF018}.Release|x64.Build.0 = Release|x64
		{BB5C4208-D7B3-480B-B57C-424741BEF018}.Release|x86.ActiveCfg = Release|Win32
		{BB5C4208-D7B3-480B-B57C-424741BEF018}.Release|x86.Build.0 = Release|Win32
	EndGlobalSection
	GlobalSection(SolutionProperties) = preSolution
		HideSolutionNode = FALSE
	EndGlobalSection
	GlobalSection(ExtensibilityGlobals) = postSolution
		SolutionGuid = {594F5949-6038-4C54-AA84-1758CD8585F2}
	EndGlobalSection
EndGlobal
